PODS:
  - AppAuth (1.4.0):
    - AppAuth/Core (= 1.4.0)
    - AppAuth/ExternalUserAgent (= 1.4.0)
  - AppAuth/Core (1.4.0)
  - AppAuth/ExternalUserAgent (1.4.0)
  - DKImagePickerController/Core (4.3.2):
    - DKImagePickerController/ImageDataManager
    - DKImagePickerController/Resource
  - DKImagePickerController/ImageDataManager (4.3.2)
  - DKImagePickerController/PhotoGallery (4.3.2):
    - DKImagePickerController/Core
    - DKPhotoGallery
  - DKImagePickerController/Resource (4.3.2)
  - DKPhotoGallery (0.0.17):
    - DKPhotoGallery/Core (= 0.0.17)
    - DKPhotoGallery/Model (= 0.0.17)
    - DKPhotoGallery/Preview (= 0.0.17)
    - DKPhotoGallery/Resource (= 0.0.17)
    - SDWebImage
    - SwiftyGif
  - DKPhotoGallery/Core (0.0.17):
    - DKPhotoGallery/Model
    - DKPhotoGallery/Preview
    - SDWebImage
    - SwiftyGif
  - DKPhotoGallery/Model (0.0.17):
    - SDWebImage
    - SwiftyGif
  - DKPhotoGallery/Preview (0.0.17):
    - DKPhotoGallery/Model
    - DKPhotoGallery/Resource
    - SDWebImage
    - SwiftyGif
  - DKPhotoGallery/Resource (0.0.17):
    - SDWebImage
    - SwiftyGif
  - file_picker (0.0.1):
    - DKImagePickerController/PhotoGallery
    - Flutter
  - Firebase/Auth (6.33.0):
    - Firebase/CoreOnly
    - FirebaseAuth (~> 6.9.2)
  - Firebase/CoreOnly (6.33.0):
    - FirebaseCore (= 6.10.3)
  - Firebase/Messaging (6.33.0):
    - Firebase/CoreOnly
    - FirebaseMessaging (~> 4.7.0)
  - firebase_auth (0.18.4-1):
    - Firebase/Auth (~> 6.33.0)
    - Firebase/CoreOnly (~> 6.33.0)
    - firebase_core
    - Flutter
  - firebase_core (0.5.3):
    - Firebase/CoreOnly (~> 6.33.0)
    - Flutter
  - firebase_messaging (7.0.3):
    - Firebase/CoreOnly (~> 6.33.0)
    - Firebase/Messaging (~> 6.33.0)
    - firebase_core
    - Flutter
  - FirebaseAuth (6.9.2):
    - FirebaseCore (~> 6.10)
    - GoogleUtilities/AppDelegateSwizzler (~> 6.7)
    - GoogleUtilities/Environment (~> 6.7)
    - GTMSessionFetcher/Core (~> 1.1)
  - FirebaseCore (6.10.3):
    - FirebaseCoreDiagnostics (~> 1.6)
    - GoogleUtilities/Environment (~> 6.7)
    - GoogleUtilities/Logger (~> 6.7)
  - FirebaseCoreDiagnostics (1.7.0):
    - GoogleDataTransport (~> 7.4)
    - GoogleUtilities/Environment (~> 6.7)
    - GoogleUtilities/Logger (~> 6.7)
    - nanopb (~> 1.30906.0)
  - FirebaseInstallations (1.7.0):
    - FirebaseCore (~> 6.10)
    - GoogleUtilities/Environment (~> 6.7)
    - GoogleUtilities/UserDefaults (~> 6.7)
    - PromisesObjC (~> 1.2)
  - FirebaseInstanceID (4.8.0):
    - FirebaseCore (~> 6.10)
    - FirebaseInstallations (~> 1.6)
    - GoogleUtilities/Environment (~> 6.7)
    - GoogleUtilities/UserDefaults (~> 6.7)
  - FirebaseMessaging (4.7.1):
    - FirebaseCore (~> 6.10)
    - FirebaseInstanceID (~> 4.7)
    - GoogleUtilities/AppDelegateSwizzler (~> 6.7)
    - GoogleUtilities/Environment (~> 6.7)
    - GoogleUtilities/Reachability (~> 6.7)
    - GoogleUtilities/UserDefaults (~> 6.7)
    - Protobuf (>= 3.9.2, ~> 3.9)
  - Flutter (1.0.0)
  - flutter_barcode_scanner (1.0.2):
    - Flutter
  - flutter_image_compress (0.0.1):
    - Flutter
    - Mantle
    - SDWebImageWebPCoder
  - flutter_mapbox_navigation (0.0.17):
    - Flutter
    - MapboxNavigation (~> 0.40.0)
  - FMDB (2.7.5):
    - FMDB/standard (= 2.7.5)
  - FMDB/standard (2.7.5)
  - geocoder (0.0.1):
    - Flutter
  - geolocator (6.1.9):
    - Flutter
  - google_maps_flutter (0.0.1):
    - Flutter
    - GoogleMaps (< 3.10)
  - google_sign_in (0.0.1):
    - Flutter
    - GoogleSignIn (~> 5.0)
  - GoogleDataTransport (7.5.1):
    - nanopb (~> 1.30906.0)
  - GoogleMaps (3.9.0):
    - GoogleMaps/Maps (= 3.9.0)
  - GoogleMaps/Base (3.9.0)
  - GoogleMaps/Maps (3.9.0):
    - GoogleMaps/Base
  - GoogleSignIn (5.0.2):
    - AppAuth (~> 1.2)
    - GTMAppAuth (~> 1.0)
    - GTMSessionFetcher/Core (~> 1.1)
  - GoogleUtilities/AppDelegateSwizzler (6.7.2):
    - GoogleUtilities/Environment
    - GoogleUtilities/Logger
    - GoogleUtilities/Network
  - GoogleUtilities/Environment (6.7.2):
    - PromisesObjC (~> 1.2)
  - GoogleUtilities/Logger (6.7.2):
    - GoogleUtilities/Environment
  - GoogleUtilities/Network (6.7.2):
    - GoogleUtilities/Logger
    - "GoogleUtilities/NSData+zlib"
    - GoogleUtilities/Reachability
  - "GoogleUtilities/NSData+zlib (6.7.2)"
  - GoogleUtilities/Reachability (6.7.2):
    - GoogleUtilities/Logger
  - GoogleUtilities/UserDefaults (6.7.2):
    - GoogleUtilities/Logger
  - GTMAppAuth (1.1.0):
    - AppAuth/Core (~> 1.4)
    - GTMSessionFetcher (~> 1.4)
  - GTMSessionFetcher (1.5.0):
    - GTMSessionFetcher/Full (= 1.5.0)
  - GTMSessionFetcher/Core (1.5.0)
  - GTMSessionFetcher/Full (1.5.0):
    - GTMSessionFetcher/Core (= 1.5.0)
  - image_crop (0.0.1):
    - Flutter
  - image_picker (0.0.1):
    - Flutter
  - libwebp (1.2.0):
    - libwebp/demux (= 1.2.0)
    - libwebp/mux (= 1.2.0)
    - libwebp/webp (= 1.2.0)
  - libwebp/demux (1.2.0):
    - libwebp/webp
  - libwebp/mux (1.2.0):
    - libwebp/demux
  - libwebp/webp (1.2.0)
  - "location_permissions (3.0.0+1)":
    - Flutter
  - Mantle (2.1.6):
    - Mantle/extobjc (= 2.1.6)
  - Mantle/extobjc (2.1.6)
  - Mapbox-iOS-SDK (5.9.0):
    - MapboxMobileEvents (= 0.10.2)
  - MapboxAccounts (2.2.0)
  - MapboxCoreNavigation (0.40.0):
    - MapboxAccounts (~> 2.2.0)
    - MapboxDirections (~> 0.31.0)
    - MapboxMobileEvents (~> 0.10.2)
    - MapboxNavigationNative (~> 6.2.1)
    - Turf (~> 0.3.0)
  - MapboxDirections (0.31.1):
    - Polyline (~> 4.2)
    - Turf (~> 0.3.0)
  - MapboxMobileEvents (0.10.2)
  - MapboxNavigation (0.40.0):
    - Mapbox-iOS-SDK (~> 5.6)
    - MapboxCoreNavigation (= 0.40.0)
    - MapboxMobileEvents (~> 0.10.2)
    - MapboxSpeech (~> 0.3.0)
    - Solar (~> 2.1)
  - MapboxNavigationNative (6.2.1)
  - MapboxSpeech (0.3.1)
  - nanopb (1.30906.0):
    - nanopb/decode (= 1.30906.0)
    - nanopb/encode (= 1.30906.0)
  - nanopb/decode (1.30906.0)
  - nanopb/encode (1.30906.0)
  - path_provider (0.0.1):
    - Flutter
  - "permission_handler (5.0.1+1)":
    - Flutter
  - Polyline (4.2.1)
  - PromisesObjC (1.2.12)
  - Protobuf (3.14.0)
  - SDWebImage (5.10.4):
    - SDWebImage/Core (= 5.10.4)
  - SDWebImage/Core (5.10.4)
  - SDWebImageWebPCoder (0.8.3):
    - libwebp (~> 1.0)
    - SDWebImage/Core (~> 5.10)
  - share (0.0.1):
    - Flutter
  - Solar (2.1.0)
  - sqflite (0.0.2):
    - Flutter
    - FMDB (>= 2.7.5)
  - SwiftyGif (5.4.0)
  - Turf (0.3.0)

DEPENDENCIES:
  - file_picker (from `.symlinks/plugins/file_picker/ios`)
  - firebase_auth (from `.symlinks/plugins/firebase_auth/ios`)
  - firebase_core (from `.symlinks/plugins/firebase_core/ios`)
  - firebase_messaging (from `.symlinks/plugins/firebase_messaging/ios`)
  - Flutter (from `Flutter`)
  - flutter_barcode_scanner (from `.symlinks/plugins/flutter_barcode_scanner/ios`)
  - flutter_image_compress (from `.symlinks/plugins/flutter_image_compress/ios`)
  - flutter_mapbox_navigation (from `.symlinks/plugins/flutter_mapbox_navigation/ios`)
  - geocoder (from `.symlinks/plugins/geocoder/ios`)
  - geolocator (from `.symlinks/plugins/geolocator/ios`)
  - google_maps_flutter (from `.symlinks/plugins/google_maps_flutter/ios`)
  - google_sign_in (from `.symlinks/plugins/google_sign_in/ios`)
  - image_crop (from `.symlinks/plugins/image_crop/ios`)
  - image_picker (from `.symlinks/plugins/image_picker/ios`)
  - location_permissions (from `.symlinks/plugins/location_permissions/ios`)
  - path_provider (from `.symlinks/plugins/path_provider/ios`)
  - permission_handler (from `.symlinks/plugins/permission_handler/ios`)
  - share (from `.symlinks/plugins/share/ios`)
  - sqflite (from `.symlinks/plugins/sqflite/ios`)

SPEC REPOS:
  trunk:
    - AppAuth
    - DKImagePickerController
    - DKPhotoGallery
    - Firebase
    - FirebaseAuth
    - FirebaseCore
    - FirebaseCoreDiagnostics
    - FirebaseInstallations
    - FirebaseInstanceID
    - FirebaseMessaging
    - FMDB
    - GoogleDataTransport
    - GoogleMaps
    - GoogleSignIn
    - GoogleUtilities
    - GTMAppAuth
    - GTMSessionFetcher
    - libwebp
    - Mantle
    - Mapbox-iOS-SDK
    - MapboxAccounts
    - MapboxCoreNavigation
    - MapboxDirections
    - MapboxMobileEvents
    - MapboxNavigation
    - MapboxNavigationNative
    - MapboxSpeech
    - nanopb
    - Polyline
    - PromisesObjC
    - Protobuf
    - SDWebImage
    - SDWebImageWebPCoder
    - Solar
    - SwiftyGif
    - Turf

EXTERNAL SOURCES:
  file_picker:
    :path: ".symlinks/plugins/file_picker/ios"
  firebase_auth:
    :path: ".symlinks/plugins/firebase_auth/ios"
  firebase_core:
    :path: ".symlinks/plugins/firebase_core/ios"
  firebase_messaging:
    :path: ".symlinks/plugins/firebase_messaging/ios"
  Flutter:
    :path: Flutter
  flutter_barcode_scanner:
    :path: ".symlinks/plugins/flutter_barcode_scanner/ios"
  flutter_image_compress:
    :path: ".symlinks/plugins/flutter_image_compress/ios"
  flutter_mapbox_navigation:
    :path: ".symlinks/plugins/flutter_mapbox_navigation/ios"
  geocoder:
    :path: ".symlinks/plugins/geocoder/ios"
  geolocator:
    :path: ".symlinks/plugins/geolocator/ios"
  google_maps_flutter:
    :path: ".symlinks/plugins/google_maps_flutter/ios"
  google_sign_in:
    :path: ".symlinks/plugins/google_sign_in/ios"
  image_crop:
    :path: ".symlinks/plugins/image_crop/ios"
  image_picker:
    :path: ".symlinks/plugins/image_picker/ios"
  location_permissions:
    :path: ".symlinks/plugins/location_permissions/ios"
  path_provider:
    :path: ".symlinks/plugins/path_provider/ios"
  permission_handler:
    :path: ".symlinks/plugins/permission_handler/ios"
  share:
    :path: ".symlinks/plugins/share/ios"
  sqflite:
    :path: ".symlinks/plugins/sqflite/ios"

SPEC CHECKSUMS:
  AppAuth: 31bcec809a638d7bd2f86ea8a52bd45f6e81e7c7
  DKImagePickerController: b5eb7f7a388e4643264105d648d01f727110fc3d
  DKPhotoGallery: fdfad5125a9fdda9cc57df834d49df790dbb4179
  file_picker: 3e6c3790de664ccf9b882732d9db5eaf6b8d4eb1
  Firebase: 8db6f2d1b2c5e2984efba4949a145875a8f65fe5
  firebase_auth: d5159db3873478d1ac839af7b10d2f831516136a
  firebase_core: 5d6a02f3d85acd5f8321c2d6d62877626a670659
  firebase_messaging: 0aea2cd5885b65e19ede58ee3507f485c992cc75
  FirebaseAuth: c92d49ada7948d1a23466e3db17bc4c2039dddc3
  FirebaseCore: d889d9e12535b7f36ac8bfbf1713a0836a3012cd
  FirebaseCoreDiagnostics: 770ac5958e1372ce67959ae4b4f31d8e127c3ac1
  FirebaseInstallations: 466c7b4d1f58fe16707693091da253726a731ed2
  FirebaseInstanceID: bd3ffc24367f901a43c063b36c640b345a4a5dd1
  FirebaseMessaging: 5eca4ef173de76253352511aafef774caa1cba2a
  Flutter: 434fef37c0980e73bb6479ef766c45957d4b510c
  flutter_barcode_scanner: fc42adac0732eca7bd9d3d676b215bce5903f269
  flutter_image_compress: 082f8daaf6c1b0c9fe798251c750ef0ecd98d7ae
  flutter_mapbox_navigation: a66c99eb5caac2fba63df3284e87c23bbc998362
  FMDB: 2ce00b547f966261cd18927a3ddb07cb6f3db82a
  geocoder: 3cfab70531a0b367e917bafe82df4c30f6d4c45a
  geolocator: 057a0c63a43e9c5296d8ad845a3ac8e6df23d899
  google_maps_flutter: c7f9c73576de1fbe152a227bfd6e6c4ae8088619
  google_sign_in: 6bd214b9c154f881422f5fe27b66aaa7bbd580cc
  GoogleDataTransport: f56af7caa4ed338dc8e138a5d7c5973e66440833
  GoogleMaps: 4b5346bddfe6911bb89155d43c903020170523ac
  GoogleSignIn: 7137d297ddc022a7e0aa4619c86d72c909fa7213
  GoogleUtilities: 7f2f5a07f888cdb145101d6042bc4422f57e70b3
  GTMAppAuth: 197a8dabfea5d665224aa00d17f164fc2248dab9
  GTMSessionFetcher: b3503b20a988c4e20cc189aa798fd18220133f52
  image_crop: e0a67085d3ebf3cf46ca46d61c53a082507b0bc3
  image_picker: 9c3312491f862b28d21ecd8fdf0ee14e601b3f09
  libwebp: e90b9c01d99205d03b6bb8f2c8c415e5a4ef66f0
  location_permissions: 7e0f9aa0f60deb8ff93ddf0e2a164c7e8197bc94
  Mantle: 4c0ed6ce47c96eccc4dc3bb071deb3def0e2c3be
  Mapbox-iOS-SDK: a5915700ec84bc1a7f8b3e746d474789e35b7956
  MapboxAccounts: f9716ba2cc66013e44ef93e0e16cfa1049f3aeec
  MapboxCoreNavigation: 2856c46bd064bb11c406ba00191d579cda424efa
  MapboxDirections: 69dca02d780c5e506bdcc65385dd5fb77b9e90b5
  MapboxMobileEvents: 2bc0ca2eedb627b73cf403258dce2b2fa98074a6
  MapboxNavigation: 42bae50b0381dce317c85884ba0de38fc68a4814
  MapboxNavigationNative: 11dc22140f4698d3f26989f2b6379dc81ef0d4c1
  MapboxSpeech: 67a558a672dc2b6266a993f4624895f69e58d105
  nanopb: 59317e09cf1f1a0af72f12af412d54edf52603fc
  path_provider: abfe2b5c733d04e238b0d8691db0cfd63a27a93c
  permission_handler: eac8e15b4a1a3fba55b761d19f3f4e6b005d15b6
  Polyline: 0e9890790292741c8186201a536b6bb6a78d02dd
  PromisesObjC: 3113f7f76903778cf4a0586bd1ab89329a0b7b97
  Protobuf: 0cde852566359049847168e51bd1c690e0f70056
  SDWebImage: c666b97e1fa9c64b4909816a903322018f0a9c84
  SDWebImageWebPCoder: bbf46e29fb8d1980a78ad3d5e9b4123c77f10ebc
  share: 0b2c3e82132f5888bccca3351c504d0003b3b410
  Solar: 2dc6e7cc39186cb0c8228fa08df76fb50c7d8f24
  sqflite: 6d358c025f5b867b29ed92fc697fd34924e11904
  SwiftyGif: 5d4af95df24caf1c570dbbcb32a3b8a0763bc6d7
  Turf: c6bdf62d6a70c647874f295dd1cf4eefc0c3e9e6

PODFILE CHECKSUM: 124871c13717f2388253dcfb709d8627f84a282d

COCOAPODS: 1.10.1
